
Microsoft Visual Studio Solution File, Format Version 12.00
# Visual Studio Version 16
VisualStudioVersion = 16.0.31702.278
MinimumVisualStudioVersion = 10.0.40219.1
Project("{FAE04EC0-301F-11D3-BF4B-00C04F79EFBC}") = "BookWebSite", "BookWebSite\BookWebSite.csproj", "{912996A3-E9E8-42B2-A852-CD7AB5965D52}"
EndProject
Global
	GlobalSection(SolutionConfigurationPlatforms) = preSolution
		Debug|Any CPU = Debug|Any CPU
		Release|Any CPU = Release|Any CPU
	EndGlobalSection
	GlobalSection(ProjectConfigurationPlatforms) = postSolution
		{912996A3-E9E8-42B2-A852-CD7AB5965D52}.Debug|Any CPU.ActiveCfg = Debug|Any CPU
		{912996A3-E9E8-42B2-A852-CD7AB5965D52}.Debug|Any CPU.Build.0 = Debug|Any CPU
		{912996A3-E9E8-42B2-A852-CD7AB5965D52}.Release|Any CPU.ActiveCfg = Release|Any CPU
		{912996A3-E9E8-42B2-A852-CD7AB5965D52}.Release|Any CPU.Build.0 = Release|Any CPU
	EndGlobalSection
	GlobalSection(SolutionProperties) = preSolution
		HideSolutionNode = FALSE
	EndGlobalSection
	GlobalSection(ExtensibilityGlobals) = postSolution
		SolutionGuid = {129344AB-B24D-4529-BCB0-F0A50585C82F}
	EndGlobalSection
EndGlobal
